// !$*UTF8*$!
{
	archiveVersion = 1;
	classes = {
	};
	objectVersion = 46;
	objects = {

/* Begin PBXBuildFile section */
		640A362516621E1500479CD1 /* ThePassbook.m in Sources */ = {isa = PBXBuildFile; fileRef = 640A362416621E1500479CD1 /* ThePassbook.m */; };
		64600C861671726800A6CAC8 /* PassesCollectionViewController.m in Sources */ = {isa = PBXBuildFile; fileRef = 64600C851671726800A6CAC8 /* PassesCollectionViewController.m */; };
		64600C8B167172BA00A6CAC8 /* PassCollectionViewCell.m in Sources */ = {isa = PBXBuildFile; fileRef = 64600C8A167172BA00A6CAC8 /* PassCollectionViewCell.m */; };
		648506C3167CD209008E2661 /* PassService.m in Sources */ = {isa = PBXBuildFile; fileRef = 648506C2167CD209008E2661 /* PassService.m */; };
		6499C87B1646906E000EA8EC /* Red.pkpass in Resources */ = {isa = PBXBuildFile; fileRef = 6499C87A1646906E000EA8EC /* Red.pkpass */; };
		6499C87E164692B4000EA8EC /* Test.pkpass in Resources */ = {isa = PBXBuildFile; fileRef = 6499C87D164692B4000EA8EC /* Test.pkpass */; };
		64A5DE3A16827800006B035B /* PassSlotService.m in Sources */ = {isa = PBXBuildFile; fileRef = 64A5DE3916827800006B035B /* PassSlotService.m */; };
		64EC0250167398E1003EDD0F /* PassesTestViewController.m in Sources */ = {isa = PBXBuildFile; fileRef = 64EC024F167398E1003EDD0F /* PassesTestViewController.m */; };
		64EC025216739A5D003EDD0F /* CFNetwork.framework in Frameworks */ = {isa = PBXBuildFile; fileRef = 64EC025116739A5D003EDD0F /* CFNetwork.framework */; };
		64EC02541673A6A0003EDD0F /* PassSlot.framework in Frameworks */ = {isa = PBXBuildFile; fileRef = 64EC02531673A6A0003EDD0F /* PassSlot.framework */; };
		64EC02561673A6BF003EDD0F /* Security.framework in Frameworks */ = {isa = PBXBuildFile; fileRef = 64EC02551673A6BF003EDD0F /* Security.framework */; };
		64EC02581673A6E5003EDD0F /* SystemConfiguration.framework in Frameworks */ = {isa = PBXBuildFile; fileRef = 64EC02571673A6E5003EDD0F /* SystemConfiguration.framework */; };
		64F38147163C41DB008E4452 /* PassesTableViewController.m in Sources */ = {isa = PBXBuildFile; fileRef = 64F38146163C41DB008E4452 /* PassesTableViewController.m */; };
		64F38149163C421A008E4452 /* PassKit.framework in Frameworks */ = {isa = PBXBuildFile; fileRef = 64F38148163C421A008E4452 /* PassKit.framework */; };
		64F3815C163C463F008E4452 /* BoardingPass.pkpass in Resources */ = {isa = PBXBuildFile; fileRef = 64F38157163C463F008E4452 /* BoardingPass.pkpass */; };
		64F3815D163C463F008E4452 /* CardDivingMember.pkpass in Resources */ = {isa = PBXBuildFile; fileRef = 64F38158163C463F008E4452 /* CardDivingMember.pkpass */; };
		64F3815E163C463F008E4452 /* ConcertTicket.pkpass in Resources */ = {isa = PBXBuildFile; fileRef = 64F38159163C463F008E4452 /* ConcertTicket.pkpass */; };
		64F3815F163C463F008E4452 /* FreeHug.pkpass in Resources */ = {isa = PBXBuildFile; fileRef = 64F3815A163C463F008E4452 /* FreeHug.pkpass */; };
		64F38160163C463F008E4452 /* GenericPass.pkpass in Resources */ = {isa = PBXBuildFile; fileRef = 64F3815B163C463F008E4452 /* GenericPass.pkpass */; };
		A9E526481635D7EA00026EDD /* UIKit.framework in Frameworks */ = {isa = PBXBuildFile; fileRef = A9E526471635D7EA00026EDD /* UIKit.framework */; };
		A9E5264A1635D7EA00026EDD /* Foundation.framework in Frameworks */ = {isa = PBXBuildFile; fileRef = A9E526491635D7EA00026EDD /* Foundation.framework */; };
		A9E5264C1635D7EA00026EDD /* CoreGraphics.framework in Frameworks */ = {isa = PBXBuildFile; fileRef = A9E5264B1635D7EA00026EDD /* CoreGraphics.framework */; };
		A9E526521635D7EA00026EDD /* InfoPlist.strings in Resources */ = {isa = PBXBuildFile; fileRef = A9E526501635D7EA00026EDD /* InfoPlist.strings */; };
		A9E526541635D7EA00026EDD /* main.m in Sources */ = {isa = PBXBuildFile; fileRef = A9E526531635D7EA00026EDD /* main.m */; };
		A9E526581635D7EA00026EDD /* AppDelegate.m in Sources */ = {isa = PBXBuildFile; fileRef = A9E526571635D7EA00026EDD /* AppDelegate.m */; };
		A9E5265A1635D7EA00026EDD /* Default.png in Resources */ = {isa = PBXBuildFile; fileRef = A9E526591635D7EA00026EDD /* Default.png */; };
		A9E5265C1635D7EA00026EDD /* Default@2x.png in Resources */ = {isa = PBXBuildFile; fileRef = A9E5265B1635D7EA00026EDD /* Default@2x.png */; };
		A9E5265E1635D7EA00026EDD /* Default-568h@2x.png in Resources */ = {isa = PBXBuildFile; fileRef = A9E5265D1635D7EA00026EDD /* Default-568h@2x.png */; };
		A9E526611635D7EA00026EDD /* MainStoryboard.storyboard in Resources */ = {isa = PBXBuildFile; fileRef = A9E5265F1635D7EA00026EDD /* MainStoryboard.storyboard */; };
		A9E5266C1635D7EA00026EDD /* SenTestingKit.framework in Frameworks */ = {isa = PBXBuildFile; fileRef = A9E5266B1635D7EA00026EDD /* SenTestingKit.framework */; };
		A9E5266D1635D7EA00026EDD /* UIKit.framework in Frameworks */ = {isa = PBXBuildFile; fileRef = A9E526471635D7EA00026EDD /* UIKit.framework */; };
		A9E5266E1635D7EA00026EDD /* Foundation.framework in Frameworks */ = {isa = PBXBuildFile; fileRef = A9E526491635D7EA00026EDD /* Foundation.framework */; };
		A9E526761635D7EA00026EDD /* InfoPlist.strings in Resources */ = {isa = PBXBuildFile; fileRef = A9E526741635D7EA00026EDD /* InfoPlist.strings */; };
		A9E526791635D7EA00026EDD /* iCardTests.m in Sources */ = {isa = PBXBuildFile; fileRef = A9E526781635D7EA00026EDD /* iCardTests.m */; };
/* End PBXBuildFile section */

/* Begin PBXContainerItemProxy section */
		A9E5266F1635D7EA00026EDD /* PBXContainerItemProxy */ = {
			isa = PBXContainerItemProxy;
			containerPortal = A9E5263A1635D7EA00026EDD /* Project object */;
			proxyType = 1;
			remoteGlobalIDString = A9E526421635D7EA00026EDD;
			remoteInfo = iCard;
		};
/* End PBXContainerItemProxy section */

/* Begin PBXFileReference section */
		640A362316621E1500479CD1 /* ThePassbook.h */ = {isa = PBXFileReference; fileEncoding = 4; lastKnownFileType = sourcecode.c.h; name = ThePassbook.h; path = "Passbook Structure/ThePassbook.h"; sourceTree = "<group>"; };
		640A362416621E1500479CD1 /* ThePassbook.m */ = {isa = PBXFileReference; fileEncoding = 4; lastKnownFileType = sourcecode.c.objc; name = ThePassbook.m; path = "Passbook Structure/ThePassbook.m"; sourceTree = "<group>"; };
		64600C841671726800A6CAC8 /* PassesCollectionViewController.h */ = {isa = PBXFileReference; fileEncoding = 4; lastKnownFileType = sourcecode.c.h; path = PassesCollectionViewController.h; sourceTree = "<group>"; };
		64600C851671726800A6CAC8 /* PassesCollectionViewController.m */ = {isa = PBXFileReference; fileEncoding = 4; lastKnownFileType = sourcecode.c.objc; path = PassesCollectionViewController.m; sourceTree = "<group>"; };
		64600C89167172BA00A6CAC8 /* PassCollectionViewCell.h */ = {isa = PBXFileReference; fileEncoding = 4; lastKnownFileType = sourcecode.c.h; path = PassCollectionViewCell.h; sourceTree = "<group>"; };
		64600C8A167172BA00A6CAC8 /* PassCollectionViewCell.m */ = {isa = PBXFileReference; fileEncoding = 4; lastKnownFileType = sourcecode.c.objc; path = PassCollectionViewCell.m; sourceTree = "<group>"; };
		648506C1167CD209008E2661 /* PassService.h */ = {isa = PBXFileReference; fileEncoding = 4; lastKnownFileType = sourcecode.c.h; path = PassService.h; sourceTree = "<group>"; };
		648506C2167CD209008E2661 /* PassService.m */ = {isa = PBXFileReference; fileEncoding = 4; lastKnownFileType = sourcecode.c.objc; path = PassService.m; sourceTree = "<group>"; };
		648506C4167D06B1008E2661 /* PassServiceProtocol.h */ = {isa = PBXFileReference; fileEncoding = 4; lastKnownFileType = sourcecode.c.h; path = PassServiceProtocol.h; sourceTree = "<group>"; };
		6499C87A1646906E000EA8EC /* Red.pkpass */ = {isa = PBXFileReference; lastKnownFileType = file; path = Red.pkpass; sourceTree = "<group>"; };
		6499C87D164692B4000EA8EC /* Test.pkpass */ = {isa = PBXFileReference; lastKnownFileType = file; path = Test.pkpass; sourceTree = "<group>"; };
		64A5DE3816827800006B035B /* PassSlotService.h */ = {isa = PBXFileReference; fileEncoding = 4; lastKnownFileType = sourcecode.c.h; path = PassSlotService.h; sourceTree = "<group>"; };
		64A5DE3916827800006B035B /* PassSlotService.m */ = {isa = PBXFileReference; fileEncoding = 4; lastKnownFileType = sourcecode.c.objc; path = PassSlotService.m; sourceTree = "<group>"; };
		64EC024E167398E1003EDD0F /* PassesTestViewController.h */ = {isa = PBXFileReference; fileEncoding = 4; lastKnownFileType = sourcecode.c.h; path = PassesTestViewController.h; sourceTree = "<group>"; };
		64EC024F167398E1003EDD0F /* PassesTestViewController.m */ = {isa = PBXFileReference; fileEncoding = 4; lastKnownFileType = sourcecode.c.objc; path = PassesTestViewController.m; sourceTree = "<group>"; };
		64EC025116739A5D003EDD0F /* CFNetwork.framework */ = {isa = PBXFileReference; lastKnownFileType = wrapper.framework; name = CFNetwork.framework; path = System/Library/Frameworks/CFNetwork.framework; sourceTree = SDKROOT; };
		64EC02531673A6A0003EDD0F /* PassSlot.framework */ = {isa = PBXFileReference; lastKnownFileType = wrapper.framework; name = PassSlot.framework; path = iCard/PassSlot.framework; sourceTree = "<group>"; };
		64EC02551673A6BF003EDD0F /* Security.framework */ = {isa = PBXFileReference; lastKnownFileType = wrapper.framework; name = Security.framework; path = System/Library/Frameworks/Security.framework; sourceTree = SDKROOT; };
		64EC02571673A6E5003EDD0F /* SystemConfiguration.framework */ = {isa = PBXFileReference; lastKnownFileType = wrapper.framework; name = SystemConfiguration.framework; path = System/Library/Frameworks/SystemConfiguration.framework; sourceTree = SDKROOT; };
		64F38145163C41DB008E4452 /* PassesTableViewController.h */ = {isa = PBXFileReference; fileEncoding = 4; lastKnownFileType = sourcecode.c.h; path = PassesTableViewController.h; sourceTree = "<group>"; };
		64F38146163C41DB008E4452 /* PassesTableViewController.m */ = {isa = PBXFileReference; fileEncoding = 4; lastKnownFileType = sourcecode.c.objc; path = PassesTableViewController.m; sourceTree = "<group>"; };
		64F38148163C421A008E4452 /* PassKit.framework */ = {isa = PBXFileReference; lastKnownFileType = wrapper.framework; name = PassKit.framework; path = System/Library/Frameworks/PassKit.framework; sourceTree = SDKROOT; };
		64F38157163C463F008E4452 /* BoardingPass.pkpass */ = {isa = PBXFileReference; lastKnownFileType = file; path = BoardingPass.pkpass; sourceTree = "<group>"; };
		64F38158163C463F008E4452 /* CardDivingMember.pkpass */ = {isa = PBXFileReference; lastKnownFileType = file; path = CardDivingMember.pkpass; sourceTree = "<group>"; };
		64F38159163C463F008E4452 /* ConcertTicket.pkpass */ = {isa = PBXFileReference; lastKnownFileType = file; path = ConcertTicket.pkpass; sourceTree = "<group>"; };
		64F3815A163C463F008E4452 /* FreeHug.pkpass */ = {isa = PBXFileReference; lastKnownFileType = file; path = FreeHug.pkpass; sourceTree = "<group>"; };
		64F3815B163C463F008E4452 /* GenericPass.pkpass */ = {isa = PBXFileReference; lastKnownFileType = file; path = GenericPass.pkpass; sourceTree = "<group>"; };
		A9E526431635D7EA00026EDD /* iCard.app */ = {isa = PBXFileReference; explicitFileType = wrapper.application; includeInIndex = 0; path = iCard.app; sourceTree = BUILT_PRODUCTS_DIR; };
		A9E526471635D7EA00026EDD /* UIKit.framework */ = {isa = PBXFileReference; lastKnownFileType = wrapper.framework; name = UIKit.framework; path = System/Library/Frameworks/UIKit.framework; sourceTree = SDKROOT; };
		A9E526491635D7EA00026EDD /* Foundation.framework */ = {isa = PBXFileReference; lastKnownFileType = wrapper.framework; name = Foundation.framework; path = System/Library/Frameworks/Foundation.framework; sourceTree = SDKROOT; };
		A9E5264B1635D7EA00026EDD /* CoreGraphics.framework */ = {isa = PBXFileReference; lastKnownFileType = wrapper.framework; name = CoreGraphics.framework; path = System/Library/Frameworks/CoreGraphics.framework; sourceTree = SDKROOT; };
		A9E5264F1635D7EA00026EDD /* iCard-Info.plist */ = {isa = PBXFileReference; lastKnownFileType = text.plist.xml; path = "iCard-Info.plist"; sourceTree = "<group>"; };
		A9E526511635D7EA00026EDD /* en */ = {isa = PBXFileReference; lastKnownFileType = text.plist.strings; name = en; path = en.lproj/InfoPlist.strings; sourceTree = "<group>"; };
		A9E526531635D7EA00026EDD /* main.m */ = {isa = PBXFileReference; lastKnownFileType = sourcecode.c.objc; path = main.m; sourceTree = "<group>"; };
		A9E526551635D7EA00026EDD /* iCard-Prefix.pch */ = {isa = PBXFileReference; lastKnownFileType = sourcecode.c.h; path = "iCard-Prefix.pch"; sourceTree = "<group>"; };
		A9E526561635D7EA00026EDD /* AppDelegate.h */ = {isa = PBXFileReference; lastKnownFileType = sourcecode.c.h; path = AppDelegate.h; sourceTree = "<group>"; };
		A9E526571635D7EA00026EDD /* AppDelegate.m */ = {isa = PBXFileReference; lastKnownFileType = sourcecode.c.objc; path = AppDelegate.m; sourceTree = "<group>"; };
		A9E526591635D7EA00026EDD /* Default.png */ = {isa = PBXFileReference; lastKnownFileType = image.png; path = Default.png; sourceTree = "<group>"; };
		A9E5265B1635D7EA00026EDD /* Default@2x.png */ = {isa = PBXFileReference; lastKnownFileType = image.png; path = "Default@2x.png"; sourceTree = "<group>"; };
		A9E5265D1635D7EA00026EDD /* Default-568h@2x.png */ = {isa = PBXFileReference; lastKnownFileType = image.png; path = "Default-568h@2x.png"; sourceTree = "<group>"; };
		A9E526601635D7EA00026EDD /* en */ = {isa = PBXFileReference; lastKnownFileType = file.storyboard; name = en; path = en.lproj/MainStoryboard.storyboard; sourceTree = "<group>"; };
		A9E5266A1635D7EA00026EDD /* iCardTests.octest */ = {isa = PBXFileReference; explicitFileType = wrapper.cfbundle; includeInIndex = 0; path = iCardTests.octest; sourceTree = BUILT_PRODUCTS_DIR; };
		A9E5266B1635D7EA00026EDD /* SenTestingKit.framework */ = {isa = PBXFileReference; lastKnownFileType = wrapper.framework; name = SenTestingKit.framework; path = Library/Frameworks/SenTestingKit.framework; sourceTree = DEVELOPER_DIR; };
		A9E526731635D7EA00026EDD /* iCardTests-Info.plist */ = {isa = PBXFileReference; lastKnownFileType = text.plist.xml; path = "iCardTests-Info.plist"; sourceTree = "<group>"; };
		A9E526751635D7EA00026EDD /* en */ = {isa = PBXFileReference; lastKnownFileType = text.plist.strings; name = en; path = en.lproj/InfoPlist.strings; sourceTree = "<group>"; };
		A9E526771635D7EA00026EDD /* iCardTests.h */ = {isa = PBXFileReference; lastKnownFileType = sourcecode.c.h; path = iCardTests.h; sourceTree = "<group>"; };
		A9E526781635D7EA00026EDD /* iCardTests.m */ = {isa = PBXFileReference; lastKnownFileType = sourcecode.c.objc; path = iCardTests.m; sourceTree = "<group>"; };
/* End PBXFileReference section */

/* Begin PBXFrameworksBuildPhase section */
		A9E526401635D7EA00026EDD /* Frameworks */ = {
			isa = PBXFrameworksBuildPhase;
			buildActionMask = 2147483647;
			files = (
				64EC02581673A6E5003EDD0F /* SystemConfiguration.framework in Frameworks */,
				64EC02561673A6BF003EDD0F /* Security.framework in Frameworks */,
				64EC025216739A5D003EDD0F /* CFNetwork.framework in Frameworks */,
				64F38149163C421A008E4452 /* PassKit.framework in Frameworks */,
				A9E526481635D7EA00026EDD /* UIKit.framework in Frameworks */,
				A9E5264A1635D7EA00026EDD /* Foundation.framework in Frameworks */,
				A9E5264C1635D7EA00026EDD /* CoreGraphics.framework in Frameworks */,
				64EC02541673A6A0003EDD0F /* PassSlot.framework in Frameworks */,
			);
			runOnlyForDeploymentPostprocessing = 0;
		};
		A9E526661635D7EA00026EDD /* Frameworks */ = {
			isa = PBXFrameworksBuildPhase;
			buildActionMask = 2147483647;
			files = (
				A9E5266C1635D7EA00026EDD /* SenTestingKit.framework in Frameworks */,
				A9E5266D1635D7EA00026EDD /* UIKit.framework in Frameworks */,
				A9E5266E1635D7EA00026EDD /* Foundation.framework in Frameworks */,
			);
			runOnlyForDeploymentPostprocessing = 0;
		};
/* End PBXFrameworksBuildPhase section */

/* Begin PBXGroup section */
		640A362116621DD100479CD1 /* Passbook Structure */ = {
			isa = PBXGroup;
			children = (
				640A362316621E1500479CD1 /* ThePassbook.h */,
				640A362416621E1500479CD1 /* ThePassbook.m */,
			);
			name = "Passbook Structure";
			sourceTree = "<group>";
		};
		64600C881671728B00A6CAC8 /* Objects */ = {
			isa = PBXGroup;
			children = (
				64600C89167172BA00A6CAC8 /* PassCollectionViewCell.h */,
				64600C8A167172BA00A6CAC8 /* PassCollectionViewCell.m */,
			);
			name = Objects;
			sourceTree = "<group>";
		};
		64A5DE37168277E4006B035B /* Services */ = {
			isa = PBXGroup;
			children = (
				64A5DE3816827800006B035B /* PassSlotService.h */,
				64A5DE3916827800006B035B /* PassSlotService.m */,
			);
			name = Services;
			sourceTree = "<group>";
		};
		64B6BA3F16794A0700DE9547 /* Interfaces */ = {
			isa = PBXGroup;
			children = (
				648506C4167D06B1008E2661 /* PassServiceProtocol.h */,
			);
			name = Interfaces;
			sourceTree = "<group>";
		};
		64D7FC21167692AB0062B757 /* Business */ = {
			isa = PBXGroup;
			children = (
				64A5DE37168277E4006B035B /* Services */,
				64B6BA3F16794A0700DE9547 /* Interfaces */,
				648506C1167CD209008E2661 /* PassService.h */,
				648506C2167CD209008E2661 /* PassService.m */,
			);
			name = Business;
			sourceTree = "<group>";
		};
		64F3814A163C45E8008E4452 /* MyPasses */ = {
			isa = PBXGroup;
			children = (
				6499C87D164692B4000EA8EC /* Test.pkpass */,
				6499C87A1646906E000EA8EC /* Red.pkpass */,
				64F38157163C463F008E4452 /* BoardingPass.pkpass */,
				64F38158163C463F008E4452 /* CardDivingMember.pkpass */,
				64F38159163C463F008E4452 /* ConcertTicket.pkpass */,
				64F3815A163C463F008E4452 /* FreeHug.pkpass */,
				64F3815B163C463F008E4452 /* GenericPass.pkpass */,
			);
			name = MyPasses;
			sourceTree = "<group>";
		};
		A9E526381635D7EA00026EDD = {
			isa = PBXGroup;
			children = (
				A9E5264D1635D7EA00026EDD /* iCard */,
				A9E526711635D7EA00026EDD /* iCardTests */,
				A9E526461635D7EA00026EDD /* Frameworks */,
				A9E526441635D7EA00026EDD /* Products */,
			);
			sourceTree = "<group>";
		};
		A9E526441635D7EA00026EDD /* Products */ = {
			isa = PBXGroup;
			children = (
				A9E526431635D7EA00026EDD /* iCard.app */,
				A9E5266A1635D7EA00026EDD /* iCardTests.octest */,
			);
			name = Products;
			sourceTree = "<group>";
		};
		A9E526461635D7EA00026EDD /* Frameworks */ = {
			isa = PBXGroup;
			children = (
				64EC02571673A6E5003EDD0F /* SystemConfiguration.framework */,
				64EC02551673A6BF003EDD0F /* Security.framework */,
				64EC02531673A6A0003EDD0F /* PassSlot.framework */,
				64EC025116739A5D003EDD0F /* CFNetwork.framework */,
				64F38148163C421A008E4452 /* PassKit.framework */,
				A9E526471635D7EA00026EDD /* UIKit.framework */,
				A9E526491635D7EA00026EDD /* Foundation.framework */,
				A9E5264B1635D7EA00026EDD /* CoreGraphics.framework */,
				A9E5266B1635D7EA00026EDD /* SenTestingKit.framework */,
			);
			name = Frameworks;
			sourceTree = "<group>";
		};
		A9E5264D1635D7EA00026EDD /* iCard */ = {
			isa = PBXGroup;
			children = (
				64D7FC21167692AB0062B757 /* Business */,
				64600C881671728B00A6CAC8 /* Objects */,
				640A362116621DD100479CD1 /* Passbook Structure */,
				64F3814A163C45E8008E4452 /* MyPasses */,
				A9E526561635D7EA00026EDD /* AppDelegate.h */,
				A9E526571635D7EA00026EDD /* AppDelegate.m */,
				A9E5265F1635D7EA00026EDD /* MainStoryboard.storyboard */,
				64F38145163C41DB008E4452 /* PassesTableViewController.h */,
				64F38146163C41DB008E4452 /* PassesTableViewController.m */,
				A9E5264E1635D7EA00026EDD /* Supporting Files */,
				64600C841671726800A6CAC8 /* PassesCollectionViewController.h */,
				64600C851671726800A6CAC8 /* PassesCollectionViewController.m */,
				64EC024E167398E1003EDD0F /* PassesTestViewController.h */,
				64EC024F167398E1003EDD0F /* PassesTestViewController.m */,
			);
			path = iCard;
			sourceTree = "<group>";
		};
		A9E5264E1635D7EA00026EDD /* Supporting Files */ = {
			isa = PBXGroup;
			children = (
				A9E5264F1635D7EA00026EDD /* iCard-Info.plist */,
				A9E526501635D7EA00026EDD /* InfoPlist.strings */,
				A9E526531635D7EA00026EDD /* main.m */,
				A9E526551635D7EA00026EDD /* iCard-Prefix.pch */,
				A9E526591635D7EA00026EDD /* Default.png */,
				A9E5265B1635D7EA00026EDD /* Default@2x.png */,
				A9E5265D1635D7EA00026EDD /* Default-568h@2x.png */,
			);
			name = "Supporting Files";
			sourceTree = "<group>";
		};
		A9E526711635D7EA00026EDD /* iCardTests */ = {
			isa = PBXGroup;
			children = (
				A9E526771635D7EA00026EDD /* iCardTests.h */,
				A9E526781635D7EA00026EDD /* iCardTests.m */,
				A9E526721635D7EA00026EDD /* Supporting Files */,
			);
			path = iCardTests;
			sourceTree = "<group>";
		};
		A9E526721635D7EA00026EDD /* Supporting Files */ = {
			isa = PBXGroup;
			children = (
				A9E526731635D7EA00026EDD /* iCardTests-Info.plist */,
				A9E526741635D7EA00026EDD /* InfoPlist.strings */,
			);
			name = "Supporting Files";
			sourceTree = "<group>";
		};
/* End PBXGroup section */

/* Begin PBXNativeTarget section */
		A9E526421635D7EA00026EDD /* iCard */ = {
			isa = PBXNativeTarget;
			buildConfigurationList = A9E5267C1635D7EA00026EDD /* Build configuration list for PBXNativeTarget "iCard" */;
			buildPhases = (
				A9E5263F1635D7EA00026EDD /* Sources */,
				A9E526401635D7EA00026EDD /* Frameworks */,
				A9E526411635D7EA00026EDD /* Resources */,
			);
			buildRules = (
			);
			dependencies = (
			);
			name = iCard;
			productName = iCard;
			productReference = A9E526431635D7EA00026EDD /* iCard.app */;
			productType = "com.apple.product-type.application";
		};
		A9E526691635D7EA00026EDD /* iCardTests */ = {
			isa = PBXNativeTarget;
			buildConfigurationList = A9E5267F1635D7EA00026EDD /* Build configuration list for PBXNativeTarget "iCardTests" */;
			buildPhases = (
				A9E526651635D7EA00026EDD /* Sources */,
				A9E526661635D7EA00026EDD /* Frameworks */,
				A9E526671635D7EA00026EDD /* Resources */,
				A9E526681635D7EA00026EDD /* ShellScript */,
			);
			buildRules = (
			);
			dependencies = (
				A9E526701635D7EA00026EDD /* PBXTargetDependency */,
			);
			name = iCardTests;
			productName = iCardTests;
			productReference = A9E5266A1635D7EA00026EDD /* iCardTests.octest */;
			productType = "com.apple.product-type.bundle";
		};
/* End PBXNativeTarget section */

/* Begin PBXProject section */
		A9E5263A1635D7EA00026EDD /* Project object */ = {
			isa = PBXProject;
			attributes = {
				LastUpgradeCheck = 0450;
				ORGANIZATIONNAME = Cards;
			};
			buildConfigurationList = A9E5263D1635D7EA00026EDD /* Build configuration list for PBXProject "iCard" */;
			compatibilityVersion = "Xcode 3.2";
			developmentRegion = English;
			hasScannedForEncodings = 0;
			knownRegions = (
				en,
			);
			mainGroup = A9E526381635D7EA00026EDD;
			productRefGroup = A9E526441635D7EA00026EDD /* Products */;
			projectDirPath = "";
			projectRoot = "";
			targets = (
				A9E526421635D7EA00026EDD /* iCard */,
				A9E526691635D7EA00026EDD /* iCardTests */,
			);
		};
/* End PBXProject section */

/* Begin PBXResourcesBuildPhase section */
		A9E526411635D7EA00026EDD /* Resources */ = {
			isa = PBXResourcesBuildPhase;
			buildActionMask = 2147483647;
			files = (
				A9E526521635D7EA00026EDD /* InfoPlist.strings in Resources */,
				A9E5265A1635D7EA00026EDD /* Default.png in Resources */,
				A9E5265C1635D7EA00026EDD /* Default@2x.png in Resources */,
				A9E5265E1635D7EA00026EDD /* Default-568h@2x.png in Resources */,
				A9E526611635D7EA00026EDD /* MainStoryboard.storyboard in Resources */,
				64F3815C163C463F008E4452 /* BoardingPass.pkpass in Resources */,
				64F3815D163C463F008E4452 /* CardDivingMember.pkpass in Resources */,
				64F3815E163C463F008E4452 /* ConcertTicket.pkpass in Resources */,
				64F3815F163C463F008E4452 /* FreeHug.pkpass in Resources */,
				64F38160163C463F008E4452 /* GenericPass.pkpass in Resources */,
				6499C87B1646906E000EA8EC /* Red.pkpass in Resources */,
				6499C87E164692B4000EA8EC /* Test.pkpass in Resources */,
			);
			runOnlyForDeploymentPostprocessing = 0;
		};
		A9E526671635D7EA00026EDD /* Resources */ = {
			isa = PBXResourcesBuildPhase;
			buildActionMask = 2147483647;
			files = (
				A9E526761635D7EA00026EDD /* InfoPlist.strings in Resources */,
			);
			runOnlyForDeploymentPostprocessing = 0;
		};
/* End PBXResourcesBuildPhase section */

/* Begin PBXShellScriptBuildPhase section */
		A9E526681635D7EA00026EDD /* ShellScript */ = {
			isa = PBXShellScriptBuildPhase;
			buildActionMask = 2147483647;
			files = (
			);
			inputPaths = (
			);
			outputPaths = (
			);
			runOnlyForDeploymentPostprocessing = 0;
			shellPath = /bin/sh;
			shellScript = "# Run the unit tests in this test bundle.\n\"${SYSTEM_DEVELOPER_DIR}/Tools/RunUnitTests\"\n";
		};
/* End PBXShellScriptBuildPhase section */

/* Begin PBXSourcesBuildPhase section */
		A9E5263F1635D7EA00026EDD /* Sources */ = {
			isa = PBXSourcesBuildPhase;
			buildActionMask = 2147483647;
			files = (
				A9E526541635D7EA00026EDD /* main.m in Sources */,
				A9E526581635D7EA00026EDD /* AppDelegate.m in Sources */,
				64F38147163C41DB008E4452 /* PassesTableViewController.m in Sources */,
				640A362516621E1500479CD1 /* ThePassbook.m in Sources */,
				64600C861671726800A6CAC8 /* PassesCollectionViewController.m in Sources */,
				64600C8B167172BA00A6CAC8 /* PassCollectionViewCell.m in Sources */,
				64EC0250167398E1003EDD0F /* PassesTestViewController.m in Sources */,
				648506C3167CD209008E2661 /* PassService.m in Sources */,
				64A5DE3A16827800006B035B /* PassSlotService.m in Sources */,
			);
			runOnlyForDeploymentPostprocessing = 0;
		};
		A9E526651635D7EA00026EDD /* Sources */ = {
			isa = PBXSourcesBuildPhase;
			buildActionMask = 2147483647;
			files = (
				A9E526791635D7EA00026EDD /* iCardTests.m in Sources */,
			);
			runOnlyForDeploymentPostprocessing = 0;
		};
/* End PBXSourcesBuildPhase section */

/* Begin PBXTargetDependency section */
		A9E526701635D7EA00026EDD /* PBXTargetDependency */ = {
			isa = PBXTargetDependency;
			target = A9E526421635D7EA00026EDD /* iCard */;
			targetProxy = A9E5266F1635D7EA00026EDD /* PBXContainerItemProxy */;
		};
/* End PBXTargetDependency section */

/* Begin PBXVariantGroup section */
		A9E526501635D7EA00026EDD /* InfoPlist.strings */ = {
			isa = PBXVariantGroup;
			children = (
				A9E526511635D7EA00026EDD /* en */,
			);
			name = InfoPlist.strings;
			sourceTree = "<group>";
		};
		A9E5265F1635D7EA00026EDD /* MainStoryboard.storyboard */ = {
			isa = PBXVariantGroup;
			children = (
				A9E526601635D7EA00026EDD /* en */,
			);
			name = MainStoryboard.storyboard;
			sourceTree = "<group>";
		};
		A9E526741635D7EA00026EDD /* InfoPlist.strings */ = {
			isa = PBXVariantGroup;
			children = (
				A9E526751635D7EA00026EDD /* en */,
			);
			name = InfoPlist.strings;
			sourceTree = "<group>";
		};
/* End PBXVariantGroup section */

/* Begin XCBuildConfiguration section */
		A9E5267A1635D7EA00026EDD /* Debug */ = {
			isa = XCBuildConfiguration;
			buildSettings = {
				ALWAYS_SEARCH_USER_PATHS = NO;
				CLANG_CXX_LANGUAGE_STANDARD = "gnu++0x";
				CLANG_CXX_LIBRARY = "libc++";
				CLANG_ENABLE_OBJC_ARC = YES;
				CLANG_WARN_EMPTY_BODY = YES;
				CLANG_WARN__DUPLICATE_METHOD_MATCH = YES;
				"CODE_SIGN_IDENTITY[sdk=iphoneos*]" = "iPhone Developer";
				COPY_PHASE_STRIP = NO;
				GCC_C_LANGUAGE_STANDARD = gnu99;
				GCC_DYNAMIC_NO_PIC = NO;
				GCC_OPTIMIZATION_LEVEL = 0;
				GCC_PREPROCESSOR_DEFINITIONS = (
					"DEBUG=1",
					"$(inherited)",
				);
				GCC_SYMBOLS_PRIVATE_EXTERN = NO;
				GCC_WARN_ABOUT_RETURN_TYPE = YES;
				GCC_WARN_UNINITIALIZED_AUTOS = YES;
				GCC_WARN_UNUSED_VARIABLE = YES;
				IPHONEOS_DEPLOYMENT_TARGET = 6.0;
				ONLY_ACTIVE_ARCH = YES;
				OTHER_LDFLAGS = "-ObjC";
				SDKROOT = iphoneos;
			};
			name = Debug;
		};
		A9E5267B1635D7EA00026EDD /* Release */ = {
			isa = XCBuildConfiguration;
			buildSettings = {
				ALWAYS_SEARCH_USER_PATHS = NO;
				CLANG_CXX_LANGUAGE_STANDARD = "gnu++0x";
				CLANG_CXX_LIBRARY = "libc++";
				CLANG_ENABLE_OBJC_ARC = YES;
				CLANG_WARN_EMPTY_BODY = YES;
				CLANG_WARN__DUPLICATE_METHOD_MATCH = YES;
				"CODE_SIGN_IDENTITY[sdk=iphoneos*]" = "iPhone Developer";
				COPY_PHASE_STRIP = YES;
				GCC_C_LANGUAGE_STANDARD = gnu99;
				GCC_WARN_ABOUT_RETURN_TYPE = YES;
				GCC_WARN_UNINITIALIZED_AUTOS = YES;
				GCC_WARN_UNUSED_VARIABLE = YES;
				IPHONEOS_DEPLOYMENT_TARGET = 6.0;
				OTHER_CFLAGS = "-DNS_BLOCK_ASSERTIONS=1";
				OTHER_LDFLAGS = "-ObjC";
				SDKROOT = iphoneos;
				VALIDATE_PRODUCT = YES;
			};
			name = Release;
		};
		A9E5267D1635D7EA00026EDD /* Debug */ = {
			isa = XCBuildConfiguration;
			buildSettings = {
				FRAMEWORK_SEARCH_PATHS = (
					"$(inherited)",
					"\"$(SRCROOT)\"",
					"\"$(SRCROOT)/iCard\"",
				);
				GCC_PRECOMPILE_PREFIX_HEADER = YES;
				GCC_PREFIX_HEADER = "iCard/iCard-Prefix.pch";
				INFOPLIST_FILE = "iCard/iCard-Info.plist";
				OTHER_LDFLAGS = "-ObjC";
				PRODUCT_NAME = "$(TARGET_NAME)";
				WRAPPER_EXTENSION = app;
			};
			name = Debug;
		};
		A9E5267E1635D7EA00026EDD /* Release */ = {
			isa = XCBuildConfiguration;
			buildSettings = {
				FRAMEWORK_SEARCH_PATHS = (
					"$(inherited)",
					"\"$(SRCROOT)\"",
					"\"$(SRCROOT)/iCard\"",
				);
				GCC_PRECOMPILE_PREFIX_HEADER = YES;
				GCC_PREFIX_HEADER = "iCard/iCard-Prefix.pch";
				INFOPLIST_FILE = "iCard/iCard-Info.plist";
				OTHER_LDFLAGS = "-ObjC";
				PRODUCT_NAME = "$(TARGET_NAME)";
				WRAPPER_EXTENSION = app;
			};
			name = Release;
		};
		A9E526801635D7EA00026EDD /* Debug */ = {
			isa = XCBuildConfiguration;
			buildSettings = {
				BUNDLE_LOADER = "$(BUILT_PRODUCTS_DIR)/iCard.app/iCard";
				FRAMEWORK_SEARCH_PATHS = (
					"\"$(SDKROOT)/Developer/Library/Frameworks\"",
					"\"$(DEVELOPER_LIBRARY_DIR)/Frameworks\"",
				);
				GCC_PRECOMPILE_PREFIX_HEADER = YES;
				GCC_PREFIX_HEADER = "iCard/iCard-Prefix.pch";
				INFOPLIST_FILE = "iCardTests/iCardTests-Info.plist";
				PRODUCT_NAME = "$(TARGET_NAME)";
				TEST_HOST = "$(BUNDLE_LOADER)";
				WRAPPER_EXTENSION = octest;
			};
			name = Debug;
		};
		A9E526811635D7EA00026EDD /* Release */ = {
			isa = XCBuildConfiguration;
			buildSettings = {
				BUNDLE_LOADER = "$(BUILT_PRODUCTS_DIR)/iCard.app/iCard";
				FRAMEWORK_SEARCH_PATHS = (
					"\"$(SDKROOT)/Developer/Library/Frameworks\"",
					"\"$(DEVELOPER_LIBRARY_DIR)/Frameworks\"",
				);
				GCC_PRECOMPILE_PREFIX_HEADER = YES;
				GCC_PREFIX_HEADER = "iCard/iCard-Prefix.pch";
				INFOPLIST_FILE = "iCardTests/iCardTests-Info.plist";
				PRODUCT_NAME = "$(TARGET_NAME)";
				TEST_HOST = "$(BUNDLE_LOADER)";
				WRAPPER_EXTENSION = octest;
			};
			name = Release;
		};
/* End XCBuildConfiguration section */

/* Begin XCConfigurationList section */
		A9E5263D1635D7EA00026EDD /* Build configuration list for PBXProject "iCard" */ = {
			isa = XCConfigurationList;
			buildConfigurations = (
				A9E5267A1635D7EA00026EDD /* Debug */,
				A9E5267B1635D7EA00026EDD /* Release */,
			);
			defaultConfigurationIsVisible = 0;
			defaultConfigurationName = Release;
		};
		A9E5267C1635D7EA00026EDD /* Build configuration list for PBXNativeTarget "iCard" */ = {
			isa = XCConfigurationList;
			buildConfigurations = (
				A9E5267D1635D7EA00026EDD /* Debug */,
				A9E5267E1635D7EA00026EDD /* Release */,
			);
			defaultConfigurationIsVisible = 0;
			defaultConfigurationName = Release;
		};
		A9E5267F1635D7EA00026EDD /* Build configuration list for PBXNativeTarget "iCardTests" */ = {
			isa = XCConfigurationList;
			buildConfigurations = (
				A9E526801635D7EA00026EDD /* Debug */,
				A9E526811635D7EA00026EDD /* Release */,
			);
			defaultConfigurationIsVisible = 0;
			defaultConfigurationName = Release;
		};
/* End XCConfigurationList section */
	};
	rootObject = A9E5263A1635D7EA00026EDD /* Project object */;
}
